
Microsoft Visual Studio Solution File, Format Version 12.00
# Visual Studio Version 16
VisualStudioVersion = 16.0.30413.136
MinimumVisualStudioVersion = 10.0.40219.1
Project("{9A19103F-16F7-4668-BE54-9A1E7A4F7556}") = "LoggingService", "LoggingService\LoggingService.csproj", "{48F5FC80-7BEF-45A5-928A-8ED790EF01EA}"
EndProject
Project("{9A19103F-16F7-4668-BE54-9A1E7A4F7556}") = "EmailingService", "Emailing Service\EmailingService.csproj", "{A1C94192-E880-43FA-AC9B-A47F75CEACF9}"
	ProjectSection(ProjectDependencies) = postProject
		{29F1D429-AE91-4F52-99F8-E41903480836} = {29F1D429-AE91-4F52-99F8-E41903480836}
	EndProjectSection
EndProject
Project("{9A19103F-16F7-4668-BE54-9A1E7A4F7556}") = "QueueAPI", "QueueAPI\QueueAPI.csproj", "{29F1D429-AE91-4F52-99F8-E41903480836}"
EndProject
Global
	GlobalSection(SolutionConfigurationPlatforms) = preSolution
		Debug|Any CPU = Debug|Any CPU
		Release|Any CPU = Release|Any CPU
	EndGlobalSection
	GlobalSection(ProjectConfigurationPlatforms) = postSolution
		{48F5FC80-7BEF-45A5-928A-8ED790EF01EA}.Debug|Any CPU.ActiveCfg = Debug|Any CPU
		{48F5FC80-7BEF-45A5-928A-8ED790EF01EA}.Debug|Any CPU.Build.0 = Debug|Any CPU
		{48F5FC80-7BEF-45A5-928A-8ED790EF01EA}.Release|Any CPU.ActiveCfg = Release|Any CPU
		{48F5FC80-7BEF-45A5-928A-8ED790EF01EA}.Release|Any CPU.Build.0 = Release|Any CPU
		{A1C94192-E880-43FA-AC9B-A47F75CEACF9}.Debug|Any CPU.ActiveCfg = Debug|Any CPU
		{A1C94192-E880-43FA-AC9B-A47F75CEACF9}.Debug|Any CPU.Build.0 = Debug|Any CPU
		{A1C94192-E880-43FA-AC9B-A47F75CEACF9}.Release|Any CPU.ActiveCfg = Release|Any CPU
		{A1C94192-E880-43FA-AC9B-A47F75CEACF9}.Release|Any CPU.Build.0 = Release|Any CPU
		{29F1D429-AE91-4F52-99F8-E41903480836}.Debug|Any CPU.ActiveCfg = Debug|Any CPU
		{29F1D429-AE91-4F52-99F8-E41903480836}.Debug|Any CPU.Build.0 = Debug|Any CPU
		{29F1D429-AE91-4F52-99F8-E41903480836}.Release|Any CPU.ActiveCfg = Release|Any CPU
		{29F1D429-AE91-4F52-99F8-E41903480836}.Release|Any CPU.Build.0 = Release|Any CPU
	EndGlobalSection
	GlobalSection(SolutionProperties) = preSolution
		HideSolutionNode = FALSE
	EndGlobalSection
	GlobalSection(ExtensibilityGlobals) = postSolution
		SolutionGuid = {6BE07E05-7A0B-43E1-BD50-69A28D23E56C}
	EndGlobalSection
EndGlobal
